
Microsoft Visual Studio Solution File, Format Version 12.00
# Visual Studio Version 16
VisualStudioVersion = 16.0.30717.126
MinimumVisualStudioVersion = 10.0.40219.1
Project("{FAE04EC0-301F-11D3-BF4B-00C04F79EFBC}") = "Jedi Mind Tricks", "Jedi Mind Tricks\Jedi Mind Tricks.csproj", "{421914A2-B787-47BF-ACE3-968672E5895D}"
EndProject
Global
	GlobalSection(SolutionConfigurationPlatforms) = preSolution
		Debug|Any CPU = Debug|Any CPU
		Release|Any CPU = Release|Any CPU
	EndGlobalSection
	GlobalSection(ProjectConfigurationPlatforms) = postSolution
		{421914A2-B787-47BF-ACE3-968672E5895D}.Debug|Any CPU.ActiveCfg = Debug|Any CPU
		{421914A2-B787-47BF-ACE3-968672E5895D}.Debug|Any CPU.Build.0 = Debug|Any CPU
		{421914A2-B787-47BF-ACE3-968672E5895D}.Release|Any CPU.ActiveCfg = Release|Any CPU
		{421914A2-B787-47BF-ACE3-968672E5895D}.Release|Any CPU.Build.0 = Release|Any CPU
	EndGlobalSection
	GlobalSection(SolutionProperties) = preSolution
		HideSolutionNode = FALSE
	EndGlobalSection
	GlobalSection(ExtensibilityGlobals) = postSolution
		SolutionGuid = {029221E7-0E97-4C77-839C-08F7B06DD899}
	EndGlobalSection
EndGlobal
